// !$*UTF8*$!
{
	archiveVersion = 1;
	classes = {
	};
	objectVersion = 50;
	objects = {

/* Begin PBXBuildFile section */
		DE37D0392302BD6C006B8CCF /* MapView.xib in Resources */ = {isa = PBXBuildFile; fileRef = DE37D0382302BD6C006B8CCF /* MapView.xib */; };
		DE37D03B2302BE16006B8CCF /* MainViewController.swift in Sources */ = {isa = PBXBuildFile; fileRef = DE37D03A2302BE16006B8CCF /* MainViewController.swift */; };
		DE7FB5CB23053AA90021ED45 /* PhotoLocationListTableViewCell.swift in Sources */ = {isa = PBXBuildFile; fileRef = DE7FB5C923053AA90021ED45 /* PhotoLocationListTableViewCell.swift */; };
		DE7FB5CC23053AA90021ED45 /* PhotoLocationListTableViewCell.xib in Resources */ = {isa = PBXBuildFile; fileRef = DE7FB5CA23053AA90021ED45 /* PhotoLocationListTableViewCell.xib */; };
		DE7FB5CE230541820021ED45 /* MyAnnotation.swift in Sources */ = {isa = PBXBuildFile; fileRef = DE7FB5CD230541820021ED45 /* MyAnnotation.swift */; };
		DEC4BC922302E1E900712A93 /* BottomSheetViewController.swift in Sources */ = {isa = PBXBuildFile; fileRef = DEC4BC902302E1E900712A93 /* BottomSheetViewController.swift */; };
		DEC4BC932302E1E900712A93 /* BottomSheetView.xib in Resources */ = {isa = PBXBuildFile; fileRef = DEC4BC912302E1E900712A93 /* BottomSheetView.xib */; };
		DEDD59192303E6C000CCD901 /* ImageLocationTableViewController.swift in Sources */ = {isa = PBXBuildFile; fileRef = DEDD59172303E6C000CCD901 /* ImageLocationTableViewController.swift */; };
		DEDD591A2303E6C000CCD901 /* ImageLocationListTableViewController.xib in Resources */ = {isa = PBXBuildFile; fileRef = DEDD59182303E6C000CCD901 /* ImageLocationListTableViewController.xib */; };
		DEE07B9A230171F700664CBA /* AppDelegate.swift in Sources */ = {isa = PBXBuildFile; fileRef = DEE07B99230171F700664CBA /* AppDelegate.swift */; };
		DEE07B9C230171F700664CBA /* MapViewController.swift in Sources */ = {isa = PBXBuildFile; fileRef = DEE07B9B230171F700664CBA /* MapViewController.swift */; };
		DEE07B9F230171F700664CBA /* Main.storyboard in Resources */ = {isa = PBXBuildFile; fileRef = DEE07B9D230171F700664CBA /* Main.storyboard */; };
		DEE07BA2230171F700664CBA /* TestApp.xcdatamodeld in Sources */ = {isa = PBXBuildFile; fileRef = DEE07BA0230171F700664CBA /* TestApp.xcdatamodeld */; };
		DEE07BA4230171F800664CBA /* Assets.xcassets in Resources */ = {isa = PBXBuildFile; fileRef = DEE07BA3230171F800664CBA /* Assets.xcassets */; };
		DEE07BA7230171F800664CBA /* LaunchScreen.storyboard in Resources */ = {isa = PBXBuildFile; fileRef = DEE07BA5230171F800664CBA /* LaunchScreen.storyboard */; };
/* End PBXBuildFile section */

/* Begin PBXFileReference section */
		DE37D0382302BD6C006B8CCF /* MapView.xib */ = {isa = PBXFileReference; lastKnownFileType = file.xib; path = MapView.xib; sourceTree = "<group>"; };
		DE37D03A2302BE16006B8CCF /* MainViewController.swift */ = {isa = PBXFileReference; lastKnownFileType = sourcecode.swift; path = MainViewController.swift; sourceTree = "<group>"; };
		DE7FB5C923053AA90021ED45 /* PhotoLocationListTableViewCell.swift */ = {isa = PBXFileReference; lastKnownFileType = sourcecode.swift; path = PhotoLocationListTableViewCell.swift; sourceTree = "<group>"; };
		DE7FB5CA23053AA90021ED45 /* PhotoLocationListTableViewCell.xib */ = {isa = PBXFileReference; lastKnownFileType = file.xib; path = PhotoLocationListTableViewCell.xib; sourceTree = "<group>"; };
		DE7FB5CD230541820021ED45 /* MyAnnotation.swift */ = {isa = PBXFileReference; lastKnownFileType = sourcecode.swift; path = MyAnnotation.swift; sourceTree = "<group>"; };
		DEC4BC902302E1E900712A93 /* BottomSheetViewController.swift */ = {isa = PBXFileReference; lastKnownFileType = sourcecode.swift; path = BottomSheetViewController.swift; sourceTree = "<group>"; };
		DEC4BC912302E1E900712A93 /* BottomSheetView.xib */ = {isa = PBXFileReference; lastKnownFileType = file.xib; path = BottomSheetView.xib; sourceTree = "<group>"; };
		DEDD59172303E6C000CCD901 /* ImageLocationTableViewController.swift */ = {isa = PBXFileReference; lastKnownFileType = sourcecode.swift; path = ImageLocationTableViewController.swift; sourceTree = "<group>"; };
		DEDD59182303E6C000CCD901 /* ImageLocationListTableViewController.xib */ = {isa = PBXFileReference; lastKnownFileType = file.xib; path = ImageLocationListTableViewController.xib; sourceTree = "<group>"; };
		DEE07B96230171F700664CBA /* TestApp.app */ = {isa = PBXFileReference; explicitFileType = wrapper.application; includeInIndex = 0; path = TestApp.app; sourceTree = BUILT_PRODUCTS_DIR; };
		DEE07B99230171F700664CBA /* AppDelegate.swift */ = {isa = PBXFileReference; lastKnownFileType = sourcecode.swift; path = AppDelegate.swift; sourceTree = "<group>"; };
		DEE07B9B230171F700664CBA /* MapViewController.swift */ = {isa = PBXFileReference; lastKnownFileType = sourcecode.swift; path = MapViewController.swift; sourceTree = "<group>"; };
		DEE07B9E230171F700664CBA /* Base */ = {isa = PBXFileReference; lastKnownFileType = file.storyboard; name = Base; path = Base.lproj/Main.storyboard; sourceTree = "<group>"; };
		DEE07BA1230171F700664CBA /* TestApp.xcdatamodel */ = {isa = PBXFileReference; lastKnownFileType = wrapper.xcdatamodel; path = TestApp.xcdatamodel; sourceTree = "<group>"; };
		DEE07BA3230171F800664CBA /* Assets.xcassets */ = {isa = PBXFileReference; lastKnownFileType = folder.assetcatalog; path = Assets.xcassets; sourceTree = "<group>"; };
		DEE07BA6230171F800664CBA /* Base */ = {isa = PBXFileReference; lastKnownFileType = file.storyboard; name = Base; path = Base.lproj/LaunchScreen.storyboard; sourceTree = "<group>"; };
		DEE07BA8230171F800664CBA /* Info.plist */ = {isa = PBXFileReference; lastKnownFileType = text.plist.xml; path = Info.plist; sourceTree = "<group>"; };
/* End PBXFileReference section */

/* Begin PBXFrameworksBuildPhase section */
		DEE07B93230171F700664CBA /* Frameworks */ = {
			isa = PBXFrameworksBuildPhase;
			buildActionMask = 2147483647;
			files = (
			);
			runOnlyForDeploymentPostprocessing = 0;
		};
/* End PBXFrameworksBuildPhase section */

/* Begin PBXGroup section */
		DE37D02823029A93006B8CCF /* Source */ = {
			isa = PBXGroup;
			children = (
				DE37D03A2302BE16006B8CCF /* MainViewController.swift */,
				DEDD591C2303E7E100CCD901 /* Storyboards */,
				DEDD591B2303E6C500CCD901 /* ImageLocationTable */,
				DE37D02923029A9F006B8CCF /* BottomSheet */,
				DE37D02A23029AAB006B8CCF /* Map */,
			);
			path = Source;
			sourceTree = "<group>";
		};
		DE37D02923029A9F006B8CCF /* BottomSheet */ = {
			isa = PBXGroup;
			children = (
				DEC4BC902302E1E900712A93 /* BottomSheetViewController.swift */,
				DEC4BC912302E1E900712A93 /* BottomSheetView.xib */,
			);
			path = BottomSheet;
			sourceTree = "<group>";
		};
		DE37D02A23029AAB006B8CCF /* Map */ = {
			isa = PBXGroup;
			children = (
				DEE07B9B230171F700664CBA /* MapViewController.swift */,
				DE7FB5CD230541820021ED45 /* MyAnnotation.swift */,
				DE37D0382302BD6C006B8CCF /* MapView.xib */,
			);
			path = Map;
			sourceTree = "<group>";
		};
		DEDD591B2303E6C500CCD901 /* ImageLocationTable */ = {
			isa = PBXGroup;
			children = (
				DEDD59172303E6C000CCD901 /* ImageLocationTableViewController.swift */,
				DEDD59182303E6C000CCD901 /* ImageLocationListTableViewController.xib */,
				DE7FB5C923053AA90021ED45 /* PhotoLocationListTableViewCell.swift */,
				DE7FB5CA23053AA90021ED45 /* PhotoLocationListTableViewCell.xib */,
			);
			path = ImageLocationTable;
			sourceTree = "<group>";
		};
		DEDD591C2303E7E100CCD901 /* Storyboards */ = {
			isa = PBXGroup;
			children = (
				DEE07BA5230171F800664CBA /* LaunchScreen.storyboard */,
				DEE07B9D230171F700664CBA /* Main.storyboard */,
			);
			path = Storyboards;
			sourceTree = "<group>";
		};
		DEE07B8D230171F700664CBA = {
			isa = PBXGroup;
			children = (
				DEE07B98230171F700664CBA /* TestApp */,
				DEE07B97230171F700664CBA /* Products */,
			);
			sourceTree = "<group>";
		};
		DEE07B97230171F700664CBA /* Products */ = {
			isa = PBXGroup;
			children = (
				DEE07B96230171F700664CBA /* TestApp.app */,
			);
			name = Products;
			sourceTree = "<group>";
		};
		DEE07B98230171F700664CBA /* TestApp */ = {
			isa = PBXGroup;
			children = (
				DEE07BA8230171F800664CBA /* Info.plist */,
				DEE07BA3230171F800664CBA /* Assets.xcassets */,
				DEE07B99230171F700664CBA /* AppDelegate.swift */,
				DE37D02823029A93006B8CCF /* Source */,
				DEE07BAE2301724100664CBA /* Models */,
			);
			path = TestApp;
			sourceTree = "<group>";
		};
		DEE07BAE2301724100664CBA /* Models */ = {
			isa = PBXGroup;
			children = (
				DEE07BA0230171F700664CBA /* TestApp.xcdatamodeld */,
			);
			path = Models;
			sourceTree = "<group>";
		};
/* End PBXGroup section */

/* Begin PBXNativeTarget section */
		DEE07B95230171F700664CBA /* TestApp */ = {
			isa = PBXNativeTarget;
			buildConfigurationList = DEE07BAB230171F800664CBA /* Build configuration list for PBXNativeTarget "TestApp" */;
			buildPhases = (
				DEE07B92230171F700664CBA /* Sources */,
				DEE07B93230171F700664CBA /* Frameworks */,
				DEE07B94230171F700664CBA /* Resources */,
			);
			buildRules = (
			);
			dependencies = (
			);
			name = TestApp;
			productName = TestApp;
			productReference = DEE07B96230171F700664CBA /* TestApp.app */;
			productType = "com.apple.product-type.application";
		};
/* End PBXNativeTarget section */

/* Begin PBXProject section */
		DEE07B8E230171F700664CBA /* Project object */ = {
			isa = PBXProject;
			attributes = {
				LastSwiftUpdateCheck = 1020;
				LastUpgradeCheck = 1020;
				ORGANIZATIONNAME = "Frank Mortensen";
				TargetAttributes = {
					DEE07B95230171F700664CBA = {
						CreatedOnToolsVersion = 10.2.1;
					};
				};
			};
			buildConfigurationList = DEE07B91230171F700664CBA /* Build configuration list for PBXProject "TestApp" */;
			compatibilityVersion = "Xcode 9.3";
			developmentRegion = en;
			hasScannedForEncodings = 0;
			knownRegions = (
				en,
				Base,
			);
			mainGroup = DEE07B8D230171F700664CBA;
			productRefGroup = DEE07B97230171F700664CBA /* Products */;
			projectDirPath = "";
			projectRoot = "";
			targets = (
				DEE07B95230171F700664CBA /* TestApp */,
			);
		};
/* End PBXProject section */

/* Begin PBXResourcesBuildPhase section */
		DEE07B94230171F700664CBA /* Resources */ = {
			isa = PBXResourcesBuildPhase;
			buildActionMask = 2147483647;
			files = (
				DEDD591A2303E6C000CCD901 /* ImageLocationListTableViewController.xib in Resources */,
				DE7FB5CC23053AA90021ED45 /* PhotoLocationListTableViewCell.xib in Resources */,
				DEE07BA7230171F800664CBA /* LaunchScreen.storyboard in Resources */,
				DEE07BA4230171F800664CBA /* Assets.xcassets in Resources */,
				DE37D0392302BD6C006B8CCF /* MapView.xib in Resources */,
				DEE07B9F230171F700664CBA /* Main.storyboard in Resources */,
				DEC4BC932302E1E900712A93 /* BottomSheetView.xib in Resources */,
			);
			runOnlyForDeploymentPostprocessing = 0;
		};
/* End PBXResourcesBuildPhase section */

/* Begin PBXSourcesBuildPhase section */
		DEE07B92230171F700664CBA /* Sources */ = {
			isa = PBXSourcesBuildPhase;
			buildActionMask = 2147483647;
			files = (
				DEC4BC922302E1E900712A93 /* BottomSheetViewController.swift in Sources */,
				DEE07B9C230171F700664CBA /* MapViewController.swift in Sources */,
				DEDD59192303E6C000CCD901 /* ImageLocationTableViewController.swift in Sources */,
				DE7FB5CB23053AA90021ED45 /* PhotoLocationListTableViewCell.swift in Sources */,
				DEE07BA2230171F700664CBA /* TestApp.xcdatamodeld in Sources */,
				DE37D03B2302BE16006B8CCF /* MainViewController.swift in Sources */,
				DE7FB5CE230541820021ED45 /* MyAnnotation.swift in Sources */,
				DEE07B9A230171F700664CBA /* AppDelegate.swift in Sources */,
			);
			runOnlyForDeploymentPostprocessing = 0;
		};
/* End PBXSourcesBuildPhase section */

/* Begin PBXVariantGroup section */
		DEE07B9D230171F700664CBA /* Main.storyboard */ = {
			isa = PBXVariantGroup;
			children = (
				DEE07B9E230171F700664CBA /* Base */,
			);
			name = Main.storyboard;
			sourceTree = "<group>";
		};
		DEE07BA5230171F800664CBA /* LaunchScreen.storyboard */ = {
			isa = PBXVariantGroup;
			children = (
				DEE07BA6230171F800664CBA /* Base */,
			);
			name = LaunchScreen.storyboard;
			sourceTree = "<group>";
		};
/* End PBXVariantGroup section */

/* Begin XCBuildConfiguration section */
		DEE07BA9230171F800664CBA /* Debug */ = {
			isa = XCBuildConfiguration;
			buildSettings = {
				ALWAYS_SEARCH_USER_PATHS = NO;
				CLANG_ANALYZER_NONNULL = YES;
				CLANG_ANALYZER_NUMBER_OBJECT_CONVERSION = YES_AGGRESSIVE;
				CLANG_CXX_LANGUAGE_STANDARD = "gnu++14";
				CLANG_CXX_LIBRARY = "libc++";
				CLANG_ENABLE_MODULES = YES;
				CLANG_ENABLE_OBJC_ARC = YES;
				CLANG_ENABLE_OBJC_WEAK = YES;
				CLANG_WARN_BLOCK_CAPTURE_AUTORELEASING = YES;
				CLANG_WARN_BOOL_CONVERSION = YES;
				CLANG_WARN_COMMA = YES;
				CLANG_WARN_CONSTANT_CONVERSION = YES;
				CLANG_WARN_DEPRECATED_OBJC_IMPLEMENTATIONS = YES;
				CLANG_WARN_DIRECT_OBJC_ISA_USAGE = YES_ERROR;
				CLANG_WARN_DOCUMENTATION_COMMENTS = YES;
				CLANG_WARN_EMPTY_BODY = YES;
				CLANG_WARN_ENUM_CONVERSION = YES;
				CLANG_WARN_INFINITE_RECURSION = YES;
				CLANG_WARN_INT_CONVERSION = YES;
				CLANG_WARN_NON_LITERAL_NULL_CONVERSION = YES;
				CLANG_WARN_OBJC_IMPLICIT_RETAIN_SELF = YES;
				CLANG_WARN_OBJC_LITERAL_CONVERSION = YES;
				CLANG_WARN_OBJC_ROOT_CLASS = YES_ERROR;
				CLANG_WARN_RANGE_LOOP_ANALYSIS = YES;
				CLANG_WARN_STRICT_PROTOTYPES = YES;
				CLANG_WARN_SUSPICIOUS_MOVE = YES;
				CLANG_WARN_UNGUARDED_AVAILABILITY = YES_AGGRESSIVE;
				CLANG_WARN_UNREACHABLE_CODE = YES;
				CLANG_WARN__DUPLICATE_METHOD_MATCH = YES;
				CODE_SIGN_IDENTITY = "iPhone Developer";
				COPY_PHASE_STRIP = NO;
				DEBUG_INFORMATION_FORMAT = dwarf;
				ENABLE_STRICT_OBJC_MSGSEND = YES;
				ENABLE_TESTABILITY = YES;
				GCC_C_LANGUAGE_STANDARD = gnu11;
				GCC_DYNAMIC_NO_PIC = NO;
				GCC_NO_COMMON_BLOCKS = YES;
				GCC_OPTIMIZATION_LEVEL = 0;
				GCC_PREPROCESSOR_DEFINITIONS = (
					"DEBUG=1",
					"$(inherited)",
				);
				GCC_WARN_64_TO_32_BIT_CONVERSION = YES;
				GCC_WARN_ABOUT_RETURN_TYPE = YES_ERROR;
				GCC_WARN_UNDECLARED_SELECTOR = YES;
				GCC_WARN_UNINITIALIZED_AUTOS = YES_AGGRESSIVE;
				GCC_WARN_UNUSED_FUNCTION = YES;
				GCC_WARN_UNUSED_VARIABLE = YES;
				IPHONEOS_DEPLOYMENT_TARGET = 12.2;
				MTL_ENABLE_DEBUG_INFO = INCLUDE_SOURCE;
				MTL_FAST_MATH = YES;
				ONLY_ACTIVE_ARCH = YES;
				SDKROOT = iphoneos;
				SWIFT_ACTIVE_COMPILATION_CONDITIONS = DEBUG;
				SWIFT_OPTIMIZATION_LEVEL = "-Onone";
			};
			name = Debug;
		};
		DEE07BAA230171F800664CBA /* Release */ = {
			isa = XCBuildConfiguration;
			buildSettings = {
				ALWAYS_SEARCH_USER_PATHS = NO;
				CLANG_ANALYZER_NONNULL = YES;
				CLANG_ANALYZER_NUMBER_OBJECT_CONVERSION = YES_AGGRESSIVE;
				CLANG_CXX_LANGUAGE_STANDARD = "gnu++14";
				CLANG_CXX_LIBRARY = "libc++";
				CLANG_ENABLE_MODULES = YES;
				CLANG_ENABLE_OBJC_ARC = YES;
				CLANG_ENABLE_OBJC_WEAK = YES;
				CLANG_WARN_BLOCK_CAPTURE_AUTORELEASING = YES;
				CLANG_WARN_BOOL_CONVERSION = YES;
				CLANG_WARN_COMMA = YES;
				CLANG_WARN_CONSTANT_CONVERSION = YES;
				CLANG_WARN_DEPRECATED_OBJC_IMPLEMENTATIONS = YES;
				CLANG_WARN_DIRECT_OBJC_ISA_USAGE = YES_ERROR;
				CLANG_WARN_DOCUMENTATION_COMMENTS = YES;
				CLANG_WARN_EMPTY_BODY = YES;
				CLANG_WARN_ENUM_CONVERSION = YES;
				CLANG_WARN_INFINITE_RECURSION = YES;
				CLANG_WARN_INT_CONVERSION = YES;
				CLANG_WARN_NON_LITERAL_NULL_CONVERSION = YES;
				CLANG_WARN_OBJC_IMPLICIT_RETAIN_SELF = YES;
				CLANG_WARN_OBJC_LITERAL_CONVERSION = YES;
				CLANG_WARN_OBJC_ROOT_CLASS = YES_ERROR;
				CLANG_WARN_RANGE_LOOP_ANALYSIS = YES;
				CLANG_WARN_STRICT_PROTOTYPES = YES;
				CLANG_WARN_SUSPICIOUS_MOVE = YES;
				CLANG_WARN_UNGUARDED_AVAILABILITY = YES_AGGRESSIVE;
				CLANG_WARN_UNREACHABLE_CODE = YES;
				CLANG_WARN__DUPLICATE_METHOD_MATCH = YES;
				CODE_SIGN_IDENTITY = "iPhone Developer";
				COPY_PHASE_STRIP = NO;
				DEBUG_INFORMATION_FORMAT = "dwarf-with-dsym";
				ENABLE_NS_ASSERTIONS = NO;
				ENABLE_STRICT_OBJC_MSGSEND = YES;
				GCC_C_LANGUAGE_STANDARD = gnu11;
				GCC_NO_COMMON_BLOCKS = YES;
				GCC_WARN_64_TO_32_BIT_CONVERSION = YES;
				GCC_WARN_ABOUT_RETURN_TYPE = YES_ERROR;
				GCC_WARN_UNDECLARED_SELECTOR = YES;
				GCC_WARN_UNINITIALIZED_AUTOS = YES_AGGRESSIVE;
				GCC_WARN_UNUSED_FUNCTION = YES;
				GCC_WARN_UNUSED_VARIABLE = YES;
				IPHONEOS_DEPLOYMENT_TARGET = 12.2;
				MTL_ENABLE_DEBUG_INFO = NO;
				MTL_FAST_MATH = YES;
				SDKROOT = iphoneos;
				SWIFT_COMPILATION_MODE = wholemodule;
				SWIFT_OPTIMIZATION_LEVEL = "-O";
				VALIDATE_PRODUCT = YES;
			};
			name = Release;
		};
		DEE07BAC230171F800664CBA /* Debug */ = {
			isa = XCBuildConfiguration;
			buildSettings = {
				ASSETCATALOG_COMPILER_APPICON_NAME = AppIcon;
				CODE_SIGN_STYLE = Automatic;
				DEVELOPMENT_TEAM = NRNCDR832H;
				INFOPLIST_FILE = TestApp/Info.plist;
				LD_RUNPATH_SEARCH_PATHS = (
					"$(inherited)",
					"@executable_path/Frameworks",
				);
				PRODUCT_BUNDLE_IDENTIFIER = im.mortensen.TestApp;
				PRODUCT_NAME = "$(TARGET_NAME)";
				SWIFT_VERSION = 5.0;
				TARGETED_DEVICE_FAMILY = 1;
			};
			name = Debug;
		};
		DEE07BAD230171F800664CBA /* Release */ = {
			isa = XCBuildConfiguration;
			buildSettings = {
				ASSETCATALOG_COMPILER_APPICON_NAME = AppIcon;
				CODE_SIGN_STYLE = Automatic;
				DEVELOPMENT_TEAM = NRNCDR832H;
				INFOPLIST_FILE = TestApp/Info.plist;
				LD_RUNPATH_SEARCH_PATHS = (
					"$(inherited)",
					"@executable_path/Frameworks",
				);
				PRODUCT_BUNDLE_IDENTIFIER = im.mortensen.TestApp;
				PRODUCT_NAME = "$(TARGET_NAME)";
				SWIFT_VERSION = 5.0;
				TARGETED_DEVICE_FAMILY = 1;
			};
			name = Release;
		};
/* End XCBuildConfiguration section */

/* Begin XCConfigurationList section */
		DEE07B91230171F700664CBA /* Build configuration list for PBXProject "TestApp" */ = {
			isa = XCConfigurationList;
			buildConfigurations = (
				DEE07BA9230171F800664CBA /* Debug */,
				DEE07BAA230171F800664CBA /* Release */,
			);
			defaultConfigurationIsVisible = 0;
			defaultConfigurationName = Release;
		};
		DEE07BAB230171F800664CBA /* Build configuration list for PBXNativeTarget "TestApp" */ = {
			isa = XCConfigurationList;
			buildConfigurations = (
				DEE07BAC230171F800664CBA /* Debug */,
				DEE07BAD230171F800664CBA /* Release */,
			);
			defaultConfigurationIsVisible = 0;
			defaultConfigurationName = Release;
		};
/* End XCConfigurationList section */

/* Begin XCVersionGroup section */
		DEE07BA0230171F700664CBA /* TestApp.xcdatamodeld */ = {
			isa = XCVersionGroup;
			children = (
				DEE07BA1230171F700664CBA /* TestApp.xcdatamodel */,
			);
			currentVersion = DEE07BA1230171F700664CBA /* TestApp.xcdatamodel */;
			path = TestApp.xcdatamodeld;
			sourceTree = "<group>";
			versionGroupType = wrapper.xcdatamodel;
		};
/* End XCVersionGroup section */
	};
	rootObject = DEE07B8E230171F700664CBA /* Project object */;
}
